{
  "name": "candlestick-models",
  "version": "0.0.6",
  "lockfileVersion": 1,
  "requires": true,
  "dependencies": {
    "interval-clock": {
      "version": "0.0.1",
      "resolved": "https://registry.npmjs.org/interval-clock/-/interval-clock-0.0.1.tgz",
      "integrity": "sha512-3O/QSu5mGnNrEYLVRBH2eRsZZiRYpHxeKy4/8oXujGEKCPYYzdLT+RClazUafiWc9lxWCBkeGbZa/W0tHp/ylg=="
    },
    "lodash": {
      "version": "4.17.21",
      "resolved": "https://registry.npmjs.org/lodash/-/lodash-4.17.21.tgz",
      "integrity": "sha512-v2kDEe57lecTulaDIuNTPy3Ry4gLGJ6Z1O3vE1krgXZNrsQ+LFTGHVxVjcXPs17LhbZVGedAJv8XZ1tvj5FvSg=="
    }
  }
}
